
Microsoft Visual Studio Solution File, Format Version 12.00
Project("{FAE04EC0-301F-11D3-BF4B-00C04F79EFBC}") = "WaitingList.Api", "WaitingList.Api\WaitingList.Api.csproj", "{C587D371-1095-452C-BAC9-3630E2C62F85}"
EndProject
Project("{FAE04EC0-301F-11D3-BF4B-00C04F79EFBC}") = "WaitingList.Tests", "WaitingList.Tests\WaitingList.Tests.csproj", "{BE19C579-E12F-4061-B16D-C405052D8601}"
EndProject
Project("{FAE04EC0-301F-11D3-BF4B-00C04F79EFBC}") = "WaitingList.Backend", "WaitingList.Backend\WaitingList.Backend.csproj", "{AC039CEE-9D7D-42B0-BBF2-3F9CB69CC529}"
EndProject
Project("{FAE04EC0-301F-11D3-BF4B-00C04F79EFBC}") = "WaitingList.Contracts", "WaitingList.Contracts\WaitingList.Contracts.csproj", "{C4222A19-C2AC-4BB7-9747-A69FDFF8FBA0}"
EndProject
Project("{FAE04EC0-301F-11D3-BF4B-00C04F79EFBC}") = "WaitingList.Database", "WaitingList.Database\WaitingList.Database.csproj", "{3DD7BC80-35A0-441E-AE56-FEB1DF671345}"
EndProject
Project("{FAE04EC0-301F-11D3-BF4B-00C04F79EFBC}") = "WaitingList.BackgroundServices", "WaitingList.BackgroundServices\WaitingList.BackgroundServices.csproj", "{1B069081-5238-403F-AB2B-63DAE51A4EB7}"
EndProject
Project("{FAE04EC0-301F-11D3-BF4B-00C04F79EFBC}") = "WaitingList.Manager", "WaitingList.Manager\WaitingList.Manager.csproj", "{801D652D-E588-44BE-BE51-F6850EE12421}"
EndProject
Global
	GlobalSection(SolutionConfigurationPlatforms) = preSolution
		Debug|Any CPU = Debug|Any CPU
		Release|Any CPU = Release|Any CPU
	EndGlobalSection
	GlobalSection(ProjectConfigurationPlatforms) = postSolution
		{C587D371-1095-452C-BAC9-3630E2C62F85}.Debug|Any CPU.ActiveCfg = Debug|Any CPU
		{C587D371-1095-452C-BAC9-3630E2C62F85}.Debug|Any CPU.Build.0 = Debug|Any CPU
		{C587D371-1095-452C-BAC9-3630E2C62F85}.Release|Any CPU.ActiveCfg = Release|Any CPU
		{C587D371-1095-452C-BAC9-3630E2C62F85}.Release|Any CPU.Build.0 = Release|Any CPU
		{BE19C579-E12F-4061-B16D-C405052D8601}.Debug|Any CPU.ActiveCfg = Debug|Any CPU
		{BE19C579-E12F-4061-B16D-C405052D8601}.Debug|Any CPU.Build.0 = Debug|Any CPU
		{BE19C579-E12F-4061-B16D-C405052D8601}.Release|Any CPU.ActiveCfg = Release|Any CPU
		{BE19C579-E12F-4061-B16D-C405052D8601}.Release|Any CPU.Build.0 = Release|Any CPU
		{AC039CEE-9D7D-42B0-BBF2-3F9CB69CC529}.Debug|Any CPU.ActiveCfg = Debug|Any CPU
		{AC039CEE-9D7D-42B0-BBF2-3F9CB69CC529}.Debug|Any CPU.Build.0 = Debug|Any CPU
		{AC039CEE-9D7D-42B0-BBF2-3F9CB69CC529}.Release|Any CPU.ActiveCfg = Release|Any CPU
		{AC039CEE-9D7D-42B0-BBF2-3F9CB69CC529}.Release|Any CPU.Build.0 = Release|Any CPU
		{C4222A19-C2AC-4BB7-9747-A69FDFF8FBA0}.Debug|Any CPU.ActiveCfg = Debug|Any CPU
		{C4222A19-C2AC-4BB7-9747-A69FDFF8FBA0}.Debug|Any CPU.Build.0 = Debug|Any CPU
		{C4222A19-C2AC-4BB7-9747-A69FDFF8FBA0}.Release|Any CPU.ActiveCfg = Release|Any CPU
		{C4222A19-C2AC-4BB7-9747-A69FDFF8FBA0}.Release|Any CPU.Build.0 = Release|Any CPU
		{3DD7BC80-35A0-441E-AE56-FEB1DF671345}.Debug|Any CPU.ActiveCfg = Debug|Any CPU
		{3DD7BC80-35A0-441E-AE56-FEB1DF671345}.Debug|Any CPU.Build.0 = Debug|Any CPU
		{3DD7BC80-35A0-441E-AE56-FEB1DF671345}.Release|Any CPU.ActiveCfg = Release|Any CPU
		{3DD7BC80-35A0-441E-AE56-FEB1DF671345}.Release|Any CPU.Build.0 = Release|Any CPU
		{1B069081-5238-403F-AB2B-63DAE51A4EB7}.Debug|Any CPU.ActiveCfg = Debug|Any CPU
		{1B069081-5238-403F-AB2B-63DAE51A4EB7}.Debug|Any CPU.Build.0 = Debug|Any CPU
		{1B069081-5238-403F-AB2B-63DAE51A4EB7}.Release|Any CPU.ActiveCfg = Release|Any CPU
		{1B069081-5238-403F-AB2B-63DAE51A4EB7}.Release|Any CPU.Build.0 = Release|Any CPU
		{801D652D-E588-44BE-BE51-F6850EE12421}.Debug|Any CPU.ActiveCfg = Debug|Any CPU
		{801D652D-E588-44BE-BE51-F6850EE12421}.Debug|Any CPU.Build.0 = Debug|Any CPU
		{801D652D-E588-44BE-BE51-F6850EE12421}.Release|Any CPU.ActiveCfg = Release|Any CPU
		{801D652D-E588-44BE-BE51-F6850EE12421}.Release|Any CPU.Build.0 = Release|Any CPU
	EndGlobalSection
EndGlobal
